// !$*UTF8*$!
{
	archiveVersion = 1;
	classes = {
	};
	objectVersion = 46;
	objects = {

/* Begin PBXBuildFile section */
		F69133B11DA4194F00A07276 /* AppDelegate.swift in Sources */ = {isa = PBXBuildFile; fileRef = F69133B01DA4194F00A07276 /* AppDelegate.swift */; };
		F69133B31DA4194F00A07276 /* ViewController.swift in Sources */ = {isa = PBXBuildFile; fileRef = F69133B21DA4194F00A07276 /* ViewController.swift */; };
		F69133B61DA4194F00A07276 /* Main.storyboard in Resources */ = {isa = PBXBuildFile; fileRef = F69133B41DA4194F00A07276 /* Main.storyboard */; };
		F69133B81DA4194F00A07276 /* Assets.xcassets in Resources */ = {isa = PBXBuildFile; fileRef = F69133B71DA4194F00A07276 /* Assets.xcassets */; };
		F69133BB1DA4194F00A07276 /* LaunchScreen.storyboard in Resources */ = {isa = PBXBuildFile; fileRef = F69133B91DA4194F00A07276 /* LaunchScreen.storyboard */; };
/* End PBXBuildFile section */

/* Begin PBXFileReference section */
		F69133AD1DA4194F00A07276 /* ThreadScheduler.app */ = {isa = PBXFileReference; explicitFileType = wrapper.application; includeInIndex = 0; path = ThreadScheduler.app; sourceTree = BUILT_PRODUCTS_DIR; };
		F69133B01DA4194F00A07276 /* AppDelegate.swift */ = {isa = PBXFileReference; lastKnownFileType = sourcecode.swift; path = AppDelegate.swift; sourceTree = "<group>"; };
		F69133B21DA4194F00A07276 /* ViewController.swift */ = {isa = PBXFileReference; lastKnownFileType = sourcecode.swift; path = ViewController.swift; sourceTree = "<group>"; };
		F69133B51DA4194F00A07276 /* Base */ = {isa = PBXFileReference; lastKnownFileType = file.storyboard; name = Base; path = Base.lproj/Main.storyboard; sourceTree = "<group>"; };
		F69133B71DA4194F00A07276 /* Assets.xcassets */ = {isa = PBXFileReference; lastKnownFileType = folder.assetcatalog; path = Assets.xcassets; sourceTree = "<group>"; };
		F69133BA1DA4194F00A07276 /* Base */ = {isa = PBXFileReference; lastKnownFileType = file.storyboard; name = Base; path = Base.lproj/LaunchScreen.storyboard; sourceTree = "<group>"; };
		F69133BC1DA4194F00A07276 /* Info.plist */ = {isa = PBXFileReference; lastKnownFileType = text.plist.xml; path = Info.plist; sourceTree = "<group>"; };
/* End PBXFileReference section */

/* Begin PBXFrameworksBuildPhase section */
		F69133AA1DA4194F00A07276 /* Frameworks */ = {
			isa = PBXFrameworksBuildPhase;
			buildActionMask = 2147483647;
			files = (
			);
			runOnlyForDeploymentPostprocessing = 0;
		};
/* End PBXFrameworksBuildPhase section */

/* Begin PBXGroup section */
		F69133A41DA4194F00A07276 = {
			isa = PBXGroup;
			children = (
				F69133AF1DA4194F00A07276 /* ThreadScheduler */,
				F69133AE1DA4194F00A07276 /* Products */,
			);
			sourceTree = "<group>";
		};
		F69133AE1DA4194F00A07276 /* Products */ = {
			isa = PBXGroup;
			children = (
				F69133AD1DA4194F00A07276 /* ThreadScheduler.app */,
			);
			name = Products;
			sourceTree = "<group>";
		};
		F69133AF1DA4194F00A07276 /* ThreadScheduler */ = {
			isa = PBXGroup;
			children = (
				F69133B01DA4194F00A07276 /* AppDelegate.swift */,
				F69133B21DA4194F00A07276 /* ViewController.swift */,
				F69133B41DA4194F00A07276 /* Main.storyboard */,
				F69133B71DA4194F00A07276 /* Assets.xcassets */,
				F69133B91DA4194F00A07276 /* LaunchScreen.storyboard */,
				F69133BC1DA4194F00A07276 /* Info.plist */,
			);
			path = ThreadScheduler;
			sourceTree = "<group>";
		};
/* End PBXGroup section */

/* Begin PBXNativeTarget section */
		F69133AC1DA4194F00A07276 /* ThreadScheduler */ = {
			isa = PBXNativeTarget;
			buildConfigurationList = F69133BF1DA4194F00A07276 /* Build configuration list for PBXNativeTarget "ThreadScheduler" */;
			buildPhases = (
				F69133A91DA4194F00A07276 /* Sources */,
				F69133AA1DA4194F00A07276 /* Frameworks */,
				F69133AB1DA4194F00A07276 /* Resources */,
			);
			buildRules = (
			);
			dependencies = (
			);
			name = ThreadScheduler;
			productName = ThreadScheduler;
			productReference = F69133AD1DA4194F00A07276 /* ThreadScheduler.app */;
			productType = "com.apple.product-type.application";
		};
/* End PBXNativeTarget section */

/* Begin PBXProject section */
		F69133A51DA4194F00A07276 /* Project object */ = {
			isa = PBXProject;
			attributes = {
				LastSwiftUpdateCheck = 0730;
				LastUpgradeCheck = 0730;
				ORGANIZATIONNAME = Sriparna;
				TargetAttributes = {
					F69133AC1DA4194F00A07276 = {
						CreatedOnToolsVersion = 7.3.1;
					};
				};
			};
			buildConfigurationList = F69133A81DA4194F00A07276 /* Build configuration list for PBXProject "ThreadScheduler" */;
			compatibilityVersion = "Xcode 3.2";
			developmentRegion = English;
			hasScannedForEncodings = 0;
			knownRegions = (
				en,
				Base,
			);
			mainGroup = F69133A41DA4194F00A07276;
			productRefGroup = F69133AE1DA4194F00A07276 /* Products */;
			projectDirPath = "";
			projectRoot = "";
			targets = (
				F69133AC1DA4194F00A07276 /* ThreadScheduler */,
			);
		};
/* End PBXProject section */

/* Begin PBXResourcesBuildPhase section */
		F69133AB1DA4194F00A07276 /* Resources */ = {
			isa = PBXResourcesBuildPhase;
			buildActionMask = 2147483647;
			files = (
				F69133BB1DA4194F00A07276 /* LaunchScreen.storyboard in Resources */,
				F69133B81DA4194F00A07276 /* Assets.xcassets in Resources */,
				F69133B61DA4194F00A07276 /* Main.storyboard in Resources */,
			);
			runOnlyForDeploymentPostprocessing = 0;
		};
/* End PBXResourcesBuildPhase section */

/* Begin PBXSourcesBuildPhase section */
		F69133A91DA4194F00A07276 /* Sources */ = {
			isa = PBXSourcesBuildPhase;
			buildActionMask = 2147483647;
			files = (
				F69133B31DA4194F00A07276 /* ViewController.swift in Sources */,
				F69133B11DA4194F00A07276 /* AppDelegate.swift in Sources */,
			);
			runOnlyForDeploymentPostprocessing = 0;
		};
/* End PBXSourcesBuildPhase section */

/* Begin PBXVariantGroup section */
		F69133B41DA4194F00A07276 /* Main.storyboard */ = {
			isa = PBXVariantGroup;
			children = (
				F69133B51DA4194F00A07276 /* Base */,
			);
			name = Main.storyboard;
			sourceTree = "<group>";
		};
		F69133B91DA4194F00A07276 /* LaunchScreen.storyboard */ = {
			isa = PBXVariantGroup;
			children = (
				F69133BA1DA4194F00A07276 /* Base */,
			);
			name = LaunchScreen.storyboard;
			sourceTree = "<group>";
		};
/* End PBXVariantGroup section */

/* Begin XCBuildConfiguration section */
		F69133BD1DA4194F00A07276 /* Debug */ = {
			isa = XCBuildConfiguration;
			buildSettings = {
				ALWAYS_SEARCH_USER_PATHS = NO;
				CLANG_ANALYZER_NONNULL = YES;
				CLANG_CXX_LANGUAGE_STANDARD = "gnu++0x";
				CLANG_CXX_LIBRARY = "libc++";
				CLANG_ENABLE_MODULES = YES;
				CLANG_ENABLE_OBJC_ARC = YES;
				CLANG_WARN_BOOL_CONVERSION = YES;
				CLANG_WARN_CONSTANT_CONVERSION = YES;
				CLANG_WARN_DIRECT_OBJC_ISA_USAGE = YES_ERROR;
				CLANG_WARN_EMPTY_BODY = YES;
				CLANG_WARN_ENUM_CONVERSION = YES;
				CLANG_WARN_INT_CONVERSION = YES;
				CLANG_WARN_OBJC_ROOT_CLASS = YES_ERROR;
				CLANG_WARN_UNREACHABLE_CODE = YES;
				CLANG_WARN__DUPLICATE_METHOD_MATCH = YES;
				"CODE_SIGN_IDENTITY[sdk=iphoneos*]" = "iPhone Developer";
				COPY_PHASE_STRIP = NO;
				DEBUG_INFORMATION_FORMAT = dwarf;
				ENABLE_STRICT_OBJC_MSGSEND = YES;
				ENABLE_TESTABILITY = YES;
				GCC_C_LANGUAGE_STANDARD = gnu99;
				GCC_DYNAMIC_NO_PIC = NO;
				GCC_NO_COMMON_BLOCKS = YES;
				GCC_OPTIMIZATION_LEVEL = 0;
				GCC_PREPROCESSOR_DEFINITIONS = (
					"DEBUG=1",
					"$(inherited)",
				);
				GCC_WARN_64_TO_32_BIT_CONVERSION = YES;
				GCC_WARN_ABOUT_RETURN_TYPE = YES_ERROR;
				GCC_WARN_UNDECLARED_SELECTOR = YES;
				GCC_WARN_UNINITIALIZED_AUTOS = YES_AGGRESSIVE;
				GCC_WARN_UNUSED_FUNCTION = YES;
				GCC_WARN_UNUSED_VARIABLE = YES;
				IPHONEOS_DEPLOYMENT_TARGET = 9.3;
				MTL_ENABLE_DEBUG_INFO = YES;
				ONLY_ACTIVE_ARCH = YES;
				SDKROOT = iphoneos;
				SWIFT_OPTIMIZATION_LEVEL = "-Onone";
				TARGETED_DEVICE_FAMILY = "1,2";
			};
			name = Debug;
		};
		F69133BE1DA4194F00A07276 /* Release */ = {
			isa = XCBuildConfiguration;
			buildSettings = {
				ALWAYS_SEARCH_USER_PATHS = NO;
				CLANG_ANALYZER_NONNULL = YES;
				CLANG_CXX_LANGUAGE_STANDARD = "gnu++0x";
				CLANG_CXX_LIBRARY = "libc++";
				CLANG_ENABLE_MODULES = YES;
				CLANG_ENABLE_OBJC_ARC = YES;
				CLANG_WARN_BOOL_CONVERSION = YES;
				CLANG_WARN_CONSTANT_CONVERSION = YES;
				CLANG_WARN_DIRECT_OBJC_ISA_USAGE = YES_ERROR;
				CLANG_WARN_EMPTY_BODY = YES;
				CLANG_WARN_ENUM_CONVERSION = YES;
				CLANG_WARN_INT_CONVERSION = YES;
				CLANG_WARN_OBJC_ROOT_CLASS = YES_ERROR;
				CLANG_WARN_UNREACHABLE_CODE = YES;
				CLANG_WARN__DUPLICATE_METHOD_MATCH = YES;
				"CODE_SIGN_IDENTITY[sdk=iphoneos*]" = "iPhone Developer";
				COPY_PHASE_STRIP = NO;
				DEBUG_INFORMATION_FORMAT = "dwarf-with-dsym";
				ENABLE_NS_ASSERTIONS = NO;
				ENABLE_STRICT_OBJC_MSGSEND = YES;
				GCC_C_LANGUAGE_STANDARD = gnu99;
				GCC_NO_COMMON_BLOCKS = YES;
				GCC_WARN_64_TO_32_BIT_CONVERSION = YES;
				GCC_WARN_ABOUT_RETURN_TYPE = YES_ERROR;
				GCC_WARN_UNDECLARED_SELECTOR = YES;
				GCC_WARN_UNINITIALIZED_AUTOS = YES_AGGRESSIVE;
				GCC_WARN_UNUSED_FUNCTION = YES;
				GCC_WARN_UNUSED_VARIABLE = YES;
				IPHONEOS_DEPLOYMENT_TARGET = 9.3;
				MTL_ENABLE_DEBUG_INFO = NO;
				SDKROOT = iphoneos;
				TARGETED_DEVICE_FAMILY = "1,2";
				VALIDATE_PRODUCT = YES;
			};
			name = Release;
		};
		F69133C01DA4194F00A07276 /* Debug */ = {
			isa = XCBuildConfiguration;
			buildSettings = {
				ASSETCATALOG_COMPILER_APPICON_NAME = AppIcon;
				INFOPLIST_FILE = ThreadScheduler/Info.plist;
				LD_RUNPATH_SEARCH_PATHS = "$(inherited) @executable_path/Frameworks";
				PRODUCT_BUNDLE_IDENTIFIER = com.hillhouse.sriparna.ThreadScheduler;
				PRODUCT_NAME = "$(TARGET_NAME)";
			};
			name = Debug;
		};
		F69133C11DA4194F00A07276 /* Release */ = {
			isa = XCBuildConfiguration;
			buildSettings = {
				ASSETCATALOG_COMPILER_APPICON_NAME = AppIcon;
				INFOPLIST_FILE = ThreadScheduler/Info.plist;
				LD_RUNPATH_SEARCH_PATHS = "$(inherited) @executable_path/Frameworks";
				PRODUCT_BUNDLE_IDENTIFIER = com.hillhouse.sriparna.ThreadScheduler;
				PRODUCT_NAME = "$(TARGET_NAME)";
			};
			name = Release;
		};
/* End XCBuildConfiguration section */

/* Begin XCConfigurationList section */
		F69133A81DA4194F00A07276 /* Build configuration list for PBXProject "ThreadScheduler" */ = {
			isa = XCConfigurationList;
			buildConfigurations = (
				F69133BD1DA4194F00A07276 /* Debug */,
				F69133BE1DA4194F00A07276 /* Release */,
			);
			defaultConfigurationIsVisible = 0;
			defaultConfigurationName = Release;
		};
		F69133BF1DA4194F00A07276 /* Build configuration list for PBXNativeTarget "ThreadScheduler" */ = {
			isa = XCConfigurationList;
			buildConfigurations = (
				F69133C01DA4194F00A07276 /* Debug */,
				F69133C11DA4194F00A07276 /* Release */,
			);
			defaultConfigurationIsVisible = 0;
		};
/* End XCConfigurationList section */
	};
	rootObject = F69133A51DA4194F00A07276 /* Project object */;
}
